
Microsoft Visual Studio Solution File, Format Version 12.00
# Visual Studio Version 17
VisualStudioVersion = 17.3.32825.248
MinimumVisualStudioVersion = 10.0.40219.1
Project("{FAE04EC0-301F-11D3-BF4B-00C04F79EFBC}") = "prog2_p59_8", "prog2_p59_8\prog2_p59_8.csproj", "{DCC8D85A-3F76-4F88-8959-F35BEE258DBD}"
EndProject
Global
	GlobalSection(SolutionConfigurationPlatforms) = preSolution
		Debug|Any CPU = Debug|Any CPU
		Release|Any CPU = Release|Any CPU
	EndGlobalSection
	GlobalSection(ProjectConfigurationPlatforms) = postSolution
		{DCC8D85A-3F76-4F88-8959-F35BEE258DBD}.Debug|Any CPU.ActiveCfg = Debug|Any CPU
		{DCC8D85A-3F76-4F88-8959-F35BEE258DBD}.Debug|Any CPU.Build.0 = Debug|Any CPU
		{DCC8D85A-3F76-4F88-8959-F35BEE258DBD}.Release|Any CPU.ActiveCfg = Release|Any CPU
		{DCC8D85A-3F76-4F88-8959-F35BEE258DBD}.Release|Any CPU.Build.0 = Release|Any CPU
	EndGlobalSection
	GlobalSection(SolutionProperties) = preSolution
		HideSolutionNode = FALSE
	EndGlobalSection
	GlobalSection(ExtensibilityGlobals) = postSolution
		SolutionGuid = {CECDC51B-CB1B-4A8A-90CF-F8FF2159ABA9}
	EndGlobalSection
EndGlobal
