
Microsoft Visual Studio Solution File, Format Version 12.00
# Visual Studio 15
VisualStudioVersion = 15.0.28307.1231
MinimumVisualStudioVersion = 10.0.40219.1
Project("{FAE04EC0-301F-11D3-BF4B-00C04F79EFBC}") = "Bot_skillz_v1", "Bot_skillz_v1\Bot_skillz_v1.csproj", "{DBC63782-7B61-48CE-94F6-F4D9FCF6956B}"
EndProject
Global
	GlobalSection(SolutionConfigurationPlatforms) = preSolution
		Debug|Any CPU = Debug|Any CPU
		Release|Any CPU = Release|Any CPU
	EndGlobalSection
	GlobalSection(ProjectConfigurationPlatforms) = postSolution
		{DBC63782-7B61-48CE-94F6-F4D9FCF6956B}.Debug|Any CPU.ActiveCfg = Debug|Any CPU
		{DBC63782-7B61-48CE-94F6-F4D9FCF6956B}.Debug|Any CPU.Build.0 = Debug|Any CPU
		{DBC63782-7B61-48CE-94F6-F4D9FCF6956B}.Release|Any CPU.ActiveCfg = Release|Any CPU
		{DBC63782-7B61-48CE-94F6-F4D9FCF6956B}.Release|Any CPU.Build.0 = Release|Any CPU
	EndGlobalSection
	GlobalSection(SolutionProperties) = preSolution
		HideSolutionNode = FALSE
	EndGlobalSection
	GlobalSection(ExtensibilityGlobals) = postSolution
		SolutionGuid = {E426A63F-A008-432F-9917-77EF1C9708C0}
	EndGlobalSection
EndGlobal
