
Microsoft Visual Studio Solution File, Format Version 12.00
# Visual Studio Version 17
VisualStudioVersion = 17.3.32929.385
MinimumVisualStudioVersion = 10.0.40219.1
Project("{FAE04EC0-301F-11D3-BF4B-00C04F79EFBC}") = "oop_2", "oop_2\oop_2.csproj", "{C6432196-7F84-4C0A-9DFF-AE835911A473}"
EndProject
Global
	GlobalSection(SolutionConfigurationPlatforms) = preSolution
		Debug|Any CPU = Debug|Any CPU
		Release|Any CPU = Release|Any CPU
	EndGlobalSection
	GlobalSection(ProjectConfigurationPlatforms) = postSolution
		{C6432196-7F84-4C0A-9DFF-AE835911A473}.Debug|Any CPU.ActiveCfg = Debug|Any CPU
		{C6432196-7F84-4C0A-9DFF-AE835911A473}.Debug|Any CPU.Build.0 = Debug|Any CPU
		{C6432196-7F84-4C0A-9DFF-AE835911A473}.Release|Any CPU.ActiveCfg = Release|Any CPU
		{C6432196-7F84-4C0A-9DFF-AE835911A473}.Release|Any CPU.Build.0 = Release|Any CPU
	EndGlobalSection
	GlobalSection(SolutionProperties) = preSolution
		HideSolutionNode = FALSE
	EndGlobalSection
	GlobalSection(ExtensibilityGlobals) = postSolution
		SolutionGuid = {7A0E199A-0C0A-47E6-89CC-C9C6A347FC64}
	EndGlobalSection
EndGlobal
