
Microsoft Visual Studio Solution File, Format Version 12.00
# Visual Studio Version 17
VisualStudioVersion = 17.3.32825.248
MinimumVisualStudioVersion = 10.0.40219.1
Project("{FAE04EC0-301F-11D3-BF4B-00C04F79EFBC}") = "Recursion_2", "Recursion_2\Recursion_2.csproj", "{87EE2A81-3251-41FF-954D-926783B479F1}"
EndProject
Global
	GlobalSection(SolutionConfigurationPlatforms) = preSolution
		Debug|Any CPU = Debug|Any CPU
		Release|Any CPU = Release|Any CPU
	EndGlobalSection
	GlobalSection(ProjectConfigurationPlatforms) = postSolution
		{87EE2A81-3251-41FF-954D-926783B479F1}.Debug|Any CPU.ActiveCfg = Debug|Any CPU
		{87EE2A81-3251-41FF-954D-926783B479F1}.Debug|Any CPU.Build.0 = Debug|Any CPU
		{87EE2A81-3251-41FF-954D-926783B479F1}.Release|Any CPU.ActiveCfg = Release|Any CPU
		{87EE2A81-3251-41FF-954D-926783B479F1}.Release|Any CPU.Build.0 = Release|Any CPU
	EndGlobalSection
	GlobalSection(SolutionProperties) = preSolution
		HideSolutionNode = FALSE
	EndGlobalSection
	GlobalSection(ExtensibilityGlobals) = postSolution
		SolutionGuid = {6EAA683A-3C6E-4FAE-BCD4-E39EE728C9A5}
	EndGlobalSection
EndGlobal
