
Microsoft Visual Studio Solution File, Format Version 12.00
# Visual Studio Version 17
VisualStudioVersion = 17.3.32929.385
MinimumVisualStudioVersion = 10.0.40219.1
Project("{FAE04EC0-301F-11D3-BF4B-00C04F79EFBC}") = "oop_3", "oop_3\oop_3.csproj", "{30D97C69-11D4-454F-8163-D60CB3CF6701}"
EndProject
Project("{2150E333-8FDC-42A3-9474-1A3956D46DE8}") = "Solution Items", "Solution Items", "{87DAA365-89BC-44C9-9CB2-83E88A7CB231}"
	ProjectSection(SolutionItems) = preProject
		.editorconfig = .editorconfig
	EndProjectSection
EndProject
Global
	GlobalSection(SolutionConfigurationPlatforms) = preSolution
		Debug|Any CPU = Debug|Any CPU
		Release|Any CPU = Release|Any CPU
	EndGlobalSection
	GlobalSection(ProjectConfigurationPlatforms) = postSolution
		{30D97C69-11D4-454F-8163-D60CB3CF6701}.Debug|Any CPU.ActiveCfg = Debug|Any CPU
		{30D97C69-11D4-454F-8163-D60CB3CF6701}.Debug|Any CPU.Build.0 = Debug|Any CPU
		{30D97C69-11D4-454F-8163-D60CB3CF6701}.Release|Any CPU.ActiveCfg = Release|Any CPU
		{30D97C69-11D4-454F-8163-D60CB3CF6701}.Release|Any CPU.Build.0 = Release|Any CPU
	EndGlobalSection
	GlobalSection(SolutionProperties) = preSolution
		HideSolutionNode = FALSE
	EndGlobalSection
	GlobalSection(ExtensibilityGlobals) = postSolution
		SolutionGuid = {E56CBC33-0289-464F-9B1E-4BA86D4C2886}
	EndGlobalSection
EndGlobal
