
Microsoft Visual Studio Solution File, Format Version 12.00
# Visual Studio Version 17
VisualStudioVersion = 17.3.32825.248
MinimumVisualStudioVersion = 10.0.40219.1
Project("{FAE04EC0-301F-11D3-BF4B-00C04F79EFBC}") = "Recursion_1", "Recursion_1\Recursion_1.csproj", "{81757DDE-EC67-45F7-93A3-B5B59333C49E}"
EndProject
Global
	GlobalSection(SolutionConfigurationPlatforms) = preSolution
		Debug|Any CPU = Debug|Any CPU
		Release|Any CPU = Release|Any CPU
	EndGlobalSection
	GlobalSection(ProjectConfigurationPlatforms) = postSolution
		{81757DDE-EC67-45F7-93A3-B5B59333C49E}.Debug|Any CPU.ActiveCfg = Debug|Any CPU
		{81757DDE-EC67-45F7-93A3-B5B59333C49E}.Debug|Any CPU.Build.0 = Debug|Any CPU
		{81757DDE-EC67-45F7-93A3-B5B59333C49E}.Release|Any CPU.ActiveCfg = Release|Any CPU
		{81757DDE-EC67-45F7-93A3-B5B59333C49E}.Release|Any CPU.Build.0 = Release|Any CPU
	EndGlobalSection
	GlobalSection(SolutionProperties) = preSolution
		HideSolutionNode = FALSE
	EndGlobalSection
	GlobalSection(ExtensibilityGlobals) = postSolution
		SolutionGuid = {7711D4BC-2C7B-4CFD-B310-A4294C80E030}
	EndGlobalSection
EndGlobal
