
Microsoft Visual Studio Solution File, Format Version 12.00
# Visual Studio Version 17
VisualStudioVersion = 17.3.32929.385
MinimumVisualStudioVersion = 10.0.40219.1
Project("{FAE04EC0-301F-11D3-BF4B-00C04F79EFBC}") = "Prog_1_winforms", "Prog_1_winforms\Prog_1_winforms.csproj", "{2E0A49AC-0BE7-4CA9-9F77-4103DE9DE1B8}"
EndProject
Global
	GlobalSection(SolutionConfigurationPlatforms) = preSolution
		Debug|Any CPU = Debug|Any CPU
		Release|Any CPU = Release|Any CPU
	EndGlobalSection
	GlobalSection(ProjectConfigurationPlatforms) = postSolution
		{2E0A49AC-0BE7-4CA9-9F77-4103DE9DE1B8}.Debug|Any CPU.ActiveCfg = Debug|Any CPU
		{2E0A49AC-0BE7-4CA9-9F77-4103DE9DE1B8}.Debug|Any CPU.Build.0 = Debug|Any CPU
		{2E0A49AC-0BE7-4CA9-9F77-4103DE9DE1B8}.Release|Any CPU.ActiveCfg = Release|Any CPU
		{2E0A49AC-0BE7-4CA9-9F77-4103DE9DE1B8}.Release|Any CPU.Build.0 = Release|Any CPU
	EndGlobalSection
	GlobalSection(SolutionProperties) = preSolution
		HideSolutionNode = FALSE
	EndGlobalSection
	GlobalSection(ExtensibilityGlobals) = postSolution
		SolutionGuid = {0EED0590-0AF0-4A9A-B55A-F30002119C5C}
	EndGlobalSection
EndGlobal
