
Microsoft Visual Studio Solution File, Format Version 12.00
# Visual Studio Version 17
VisualStudioVersion = 17.3.32825.248
MinimumVisualStudioVersion = 10.0.40219.1
Project("{FAE04EC0-301F-11D3-BF4B-00C04F79EFBC}") = "prog2_p59_7", "prog2_p59_7\prog2_p59_7.csproj", "{0AD37A5D-9293-4198-A422-F23829D825D3}"
EndProject
Global
	GlobalSection(SolutionConfigurationPlatforms) = preSolution
		Debug|Any CPU = Debug|Any CPU
		Release|Any CPU = Release|Any CPU
	EndGlobalSection
	GlobalSection(ProjectConfigurationPlatforms) = postSolution
		{0AD37A5D-9293-4198-A422-F23829D825D3}.Debug|Any CPU.ActiveCfg = Debug|Any CPU
		{0AD37A5D-9293-4198-A422-F23829D825D3}.Debug|Any CPU.Build.0 = Debug|Any CPU
		{0AD37A5D-9293-4198-A422-F23829D825D3}.Release|Any CPU.ActiveCfg = Release|Any CPU
		{0AD37A5D-9293-4198-A422-F23829D825D3}.Release|Any CPU.Build.0 = Release|Any CPU
	EndGlobalSection
	GlobalSection(SolutionProperties) = preSolution
		HideSolutionNode = FALSE
	EndGlobalSection
	GlobalSection(ExtensibilityGlobals) = postSolution
		SolutionGuid = {898D2903-AB8E-4B64-BA77-E4DE7F5A3DC4}
	EndGlobalSection
EndGlobal
