
Microsoft Visual Studio Solution File, Format Version 12.00
# Visual Studio Version 17
VisualStudioVersion = 17.7.34024.191
MinimumVisualStudioVersion = 10.0.40219.1
Project("{FAE04EC0-301F-11D3-BF4B-00C04F79EFBC}") = "WPF_Prog6_MsgBoxes_Learning", "WPF_Prog6_MsgBoxes_Learning\WPF_Prog6_MsgBoxes_Learning.csproj", "{1C0528A7-6819-4986-8451-3A3C7C5BE1A0}"
EndProject
Global
	GlobalSection(SolutionConfigurationPlatforms) = preSolution
		Debug|Any CPU = Debug|Any CPU
		Release|Any CPU = Release|Any CPU
	EndGlobalSection
	GlobalSection(ProjectConfigurationPlatforms) = postSolution
		{1C0528A7-6819-4986-8451-3A3C7C5BE1A0}.Debug|Any CPU.ActiveCfg = Debug|Any CPU
		{1C0528A7-6819-4986-8451-3A3C7C5BE1A0}.Debug|Any CPU.Build.0 = Debug|Any CPU
		{1C0528A7-6819-4986-8451-3A3C7C5BE1A0}.Release|Any CPU.ActiveCfg = Release|Any CPU
		{1C0528A7-6819-4986-8451-3A3C7C5BE1A0}.Release|Any CPU.Build.0 = Release|Any CPU
	EndGlobalSection
	GlobalSection(SolutionProperties) = preSolution
		HideSolutionNode = FALSE
	EndGlobalSection
	GlobalSection(ExtensibilityGlobals) = postSolution
		SolutionGuid = {01EE04D1-2BC8-414A-8173-1F33ABF7B5B2}
	EndGlobalSection
EndGlobal
