
Microsoft Visual Studio Solution File, Format Version 12.00
# Visual Studio Version 17
VisualStudioVersion = 17.3.32929.385
MinimumVisualStudioVersion = 10.0.40219.1
Project("{FAE04EC0-301F-11D3-BF4B-00C04F79EFBC}") = "prog17_page_148_q_28-30", "prog17_page_148_q_28-30\prog17_page_148_q_28-30.csproj", "{F5E8EFC2-D11C-4BC2-A7B8-6F1D9FB8E6D4}"
EndProject
Global
	GlobalSection(SolutionConfigurationPlatforms) = preSolution
		Debug|Any CPU = Debug|Any CPU
		Release|Any CPU = Release|Any CPU
	EndGlobalSection
	GlobalSection(ProjectConfigurationPlatforms) = postSolution
		{F5E8EFC2-D11C-4BC2-A7B8-6F1D9FB8E6D4}.Debug|Any CPU.ActiveCfg = Debug|Any CPU
		{F5E8EFC2-D11C-4BC2-A7B8-6F1D9FB8E6D4}.Debug|Any CPU.Build.0 = Debug|Any CPU
		{F5E8EFC2-D11C-4BC2-A7B8-6F1D9FB8E6D4}.Release|Any CPU.ActiveCfg = Release|Any CPU
		{F5E8EFC2-D11C-4BC2-A7B8-6F1D9FB8E6D4}.Release|Any CPU.Build.0 = Release|Any CPU
	EndGlobalSection
	GlobalSection(SolutionProperties) = preSolution
		HideSolutionNode = FALSE
	EndGlobalSection
	GlobalSection(ExtensibilityGlobals) = postSolution
		SolutionGuid = {3759368C-C316-46D7-87A5-350C51C52EE5}
	EndGlobalSection
EndGlobal
