
Microsoft Visual Studio Solution File, Format Version 12.00
# Visual Studio Version 17
VisualStudioVersion = 17.3.32929.385
MinimumVisualStudioVersion = 10.0.40219.1
Project("{FAE04EC0-301F-11D3-BF4B-00C04F79EFBC}") = "oop_4", "oop_4\oop_4.csproj", "{CCF99E17-5477-4CE4-852B-6CD6D6FEF362}"
EndProject
Global
	GlobalSection(SolutionConfigurationPlatforms) = preSolution
		Debug|Any CPU = Debug|Any CPU
		Release|Any CPU = Release|Any CPU
	EndGlobalSection
	GlobalSection(ProjectConfigurationPlatforms) = postSolution
		{CCF99E17-5477-4CE4-852B-6CD6D6FEF362}.Debug|Any CPU.ActiveCfg = Debug|Any CPU
		{CCF99E17-5477-4CE4-852B-6CD6D6FEF362}.Debug|Any CPU.Build.0 = Debug|Any CPU
		{CCF99E17-5477-4CE4-852B-6CD6D6FEF362}.Release|Any CPU.ActiveCfg = Release|Any CPU
		{CCF99E17-5477-4CE4-852B-6CD6D6FEF362}.Release|Any CPU.Build.0 = Release|Any CPU
	EndGlobalSection
	GlobalSection(SolutionProperties) = preSolution
		HideSolutionNode = FALSE
	EndGlobalSection
	GlobalSection(ExtensibilityGlobals) = postSolution
		SolutionGuid = {3190C3CA-92EB-4173-93B0-0C41250C229F}
	EndGlobalSection
EndGlobal
